# This file is automatically @generated by Poetry 1.8.3 and should not be changed by hand.

[[package]]
name = "inflection"
version = "0.5.1"
description = "A port of Ruby on Rails inflector to Python"
optional = false
python-versions = ">=3.5"
files = [
    {file = "inflection-0.5.1-py2.py3-none-any.whl", hash = "sha256:f38b2b640938a4f35ade69ac3d053042959b62a0f1076a5bbaa1b9526605a8a2"},
    {file = "inflection-0.5.1.tar.gz", hash = "sha256:1a29730d366e996aaacffb2f1f1cb9593dc38e2ddd30c91250c6dde09ea9b417"},
]

[metadata]
lock-version = "2.0"
python-versions = "^3.12"
content-hash = "bd2df6e2edf29b4ad634d28aa981086f7c59c209a680df48821a607439839118"
